Microsoft Visual Studio Solution File, Format Version 11.00
# Visual Studio 2008

Project("{FA51CA3E-923A-B8F3-477C-51015666FEB1}") = "_Roll", "Assembly-CSharp-firstpass.csproj", "{9DA41514-EA5D-8ECC-68DA-C016736B4306}"
EndProject
Project("{FA51CA3E-923A-B8F3-477C-51015666FEB1}") = "_Roll", "Assembly-CSharp.csproj", "{A8D09AC4-2AFF-1396-8598-291CA3E5C6D2}"
EndProject
Project("{FA51CA3E-923A-B8F3-477C-51015666FEB1}") = "_Roll", "Assembly-CSharp-Editor.csproj", "{2DC75222-BC85-7529-9666-F9CD3AF1ACDB}"
EndProject
Project("{FA51CA3E-923A-B8F3-477C-51015666FEB1}") = "_Roll", "Assembly-UnityScript.unityproj", "{18DB8349-7A29-8450-1388-2AB0A2868AD0}"
EndProject
Project("{FA51CA3E-923A-B8F3-477C-51015666FEB1}") = "_Roll", "Assembly-UnityScript-Editor.unityproj", "{24618BBB-A0AD-1B86-D219-9C5F1CA568D1}"
EndProject
Global
	GlobalSection(SolutionConfigurationPlatforms) = preSolution
		Debug|Any CPU = Debug|Any CPU
		Release|Any CPU = Release|Any CPU
	EndGlobalSection
	GlobalSection(ProjectConfigurationPlatforms) = postSolution
		{9DA41514-EA5D-8ECC-68DA-C016736B4306}.Debug|Any CPU.ActiveCfg = Debug|Any CPU
		{9DA41514-EA5D-8ECC-68DA-C016736B4306}.Debug|Any CPU.Build.0 = Debug|Any CPU
		{9DA41514-EA5D-8ECC-68DA-C016736B4306}.Release|Any CPU.ActiveCfg = Release|Any CPU
		{9DA41514-EA5D-8ECC-68DA-C016736B4306}.Release|Any CPU.Build.0 = Release|Any CPU
		{A8D09AC4-2AFF-1396-8598-291CA3E5C6D2}.Debug|Any CPU.ActiveCfg = Debug|Any CPU
		{A8D09AC4-2AFF-1396-8598-291CA3E5C6D2}.Debug|Any CPU.Build.0 = Debug|Any CPU
		{A8D09AC4-2AFF-1396-8598-291CA3E5C6D2}.Release|Any CPU.ActiveCfg = Release|Any CPU
		{A8D09AC4-2AFF-1396-8598-291CA3E5C6D2}.Release|Any CPU.Build.0 = Release|Any CPU
		{2DC75222-BC85-7529-9666-F9CD3AF1ACDB}.Debug|Any CPU.ActiveCfg = Debug|Any CPU
		{2DC75222-BC85-7529-9666-F9CD3AF1ACDB}.Debug|Any CPU.Build.0 = Debug|Any CPU
		{2DC75222-BC85-7529-9666-F9CD3AF1ACDB}.Release|Any CPU.ActiveCfg = Release|Any CPU
		{2DC75222-BC85-7529-9666-F9CD3AF1ACDB}.Release|Any CPU.Build.0 = Release|Any CPU
		{18DB8349-7A29-8450-1388-2AB0A2868AD0}.Debug|Any CPU.ActiveCfg = Debug|Any CPU
		{18DB8349-7A29-8450-1388-2AB0A2868AD0}.Debug|Any CPU.Build.0 = Debug|Any CPU
		{18DB8349-7A29-8450-1388-2AB0A2868AD0}.Release|Any CPU.ActiveCfg = Release|Any CPU
		{18DB8349-7A29-8450-1388-2AB0A2868AD0}.Release|Any CPU.Build.0 = Release|Any CPU
		{24618BBB-A0AD-1B86-D219-9C5F1CA568D1}.Debug|Any CPU.ActiveCfg = Debug|Any CPU
		{24618BBB-A0AD-1B86-D219-9C5F1CA568D1}.Debug|Any CPU.Build.0 = Debug|Any CPU
		{24618BBB-A0AD-1B86-D219-9C5F1CA568D1}.Release|Any CPU.ActiveCfg = Release|Any CPU
		{24618BBB-A0AD-1B86-D219-9C5F1CA568D1}.Release|Any CPU.Build.0 = Release|Any CPU
	EndGlobalSection
	GlobalSection(SolutionProperties) = preSolution
		HideSolutionNode = FALSE
	EndGlobalSection
																																GlobalSection(MonoDevelopProperties) = preSolution
		StartupItem = Assembly-CSharp.csproj
		Policies = $0
		$0.TextStylePolicy = $1
		$1.inheritsSet = null
		$1.scope = text/x-csharp
		$0.CSharpFormattingPolicy = $2
		$2.inheritsSet = Mono
		$2.inheritsScope = text/x-csharp
		$2.scope = text/x-csharp
		$0.TextStylePolicy = $3
		$3.FileWidth = 120
		$3.TabWidth = 4
		$3.EolMarker = Unix
		$3.inheritsSet = Mono
		$3.inheritsScope = text/plain
		$3.scope = text/plain
	EndGlobalSection

EndGlobal
